{
  "name": "stonogaapi",
  "version": "1.0.0",
  "lockfileVersion": 1,
  "requires": true,
  "dependencies": {
    "bluebird": {
      "version": "3.7.2",
      "resolved": "https://registry.npmjs.org/bluebird/-/bluebird-3.7.2.tgz",
      "integrity": "sha512-XpNj6GDQzdfW+r2Wnn7xiSAd7TM3jzkxGXBGTtWKuSXv1xUV+azxAm8jdWZN06QTQk+2N2XB9jRDkvbmQmcRtg=="
    },
    "clone": {
      "version": "1.0.4",
      "resolved": "https://registry.npmjs.org/clone/-/clone-1.0.4.tgz",
      "integrity": "sha1-2jCcwmPfFZlMaIypAheco8fNfH4="
    },
    "cookies.txt": {
      "version": "0.1.2",
      "resolved": "https://registry.npmjs.org/cookies.txt/-/cookies.txt-0.1.2.tgz",
      "integrity": "sha1-qLJJ2e6WmTBTYtYEt+CsDyDnUZ4="
    },
    "data-uri-to-buffer": {
      "version": "0.0.4",
      "resolved": "https://registry.npmjs.org/data-uri-to-buffer/-/data-uri-to-buffer-0.0.4.tgz",
      "integrity": "sha1-RuE6udqOMJdFyNAc5UchPr2y/j8="
    },
    "debug": {
      "version": "2.6.9",
      "resolved": "https://registry.npmjs.org/debug/-/debug-2.6.9.tgz",
      "integrity": "sha512-bC7ElrdJaJnPbAP+1EotYvqZsb3ecl5wi6Bfi6BJTUcNowp6cvspg0jXznRTKDjm/E7AdgFBVeAPVMNcKGsHMA==",
      "requires": {
        "ms": "2.0.0"
      }
    },
    "defaults": {
      "version": "1.0.3",
      "resolved": "https://registry.npmjs.org/defaults/-/defaults-1.0.3.tgz",
      "integrity": "sha1-xlYFHpgX2f8I7YgUd/P+QBnz730=",
      "requires": {
        "clone": "^1.0.2"
      }
    },
    "he": {
      "version": "1.1.1",
      "resolved": "https://registry.npmjs.org/he/-/he-1.1.1.tgz",
      "integrity": "sha1-k0EP0hsAlzUVH4howvJx80J+I/0=",
      "dev": true
    },
    "ms": {
      "version": "2.0.0",
      "resolved": "https://registry.npmjs.org/ms/-/ms-2.0.0.tgz",
      "integrity": "sha1-VgiurfwAvmwpAd9fmGF4jeDVl8g="
    },
    "node-fetch": {
      "version": "2.6.0",
      "resolved": "https://registry.npmjs.org/node-fetch/-/node-fetch-2.6.0.tgz",
      "integrity": "sha512-8dG4H5ujfvFiqDmVu9fQ5bOHUC15JMjMY/Zumv26oOvvVJjM67KF8koCWIabKQ1GJIa9r2mMZscBq/TbdOcmNA=="
    },
    "node-horseman": {
      "version": "3.3.0",
      "resolved": "https://registry.npmjs.org/node-horseman/-/node-horseman-3.3.0.tgz",
      "integrity": "sha1-hhADaUN955T2aeD1L9lM+UWYG7I=",
      "requires": {
        "bluebird": "^3.0.1",
        "clone": "^1.0.2",
        "cookies.txt": "^0.1.1",
        "data-uri-to-buffer": "0.0.4",
        "debug": "^2.1.1",
        "defaults": "~1.0.0",
        "node-phantom-simple": "^2.2.4"
      }
    },
    "node-html-parser": {
      "version": "1.2.20",
      "resolved": "https://registry.npmjs.org/node-html-parser/-/node-html-parser-1.2.20.tgz",
      "integrity": "sha512-1fUpYjAducDrrBSE0etRUV1tM+wSFTudmrslMXuk35wL/L29E7e1CLQn4CNzFLnqtYpmDlWhkD6VUloyHA0dwA==",
      "dev": true,
      "requires": {
        "he": "1.1.1"
      }
    },
    "node-phantom-simple": {
      "version": "2.2.4",
      "resolved": "https://registry.npmjs.org/node-phantom-simple/-/node-phantom-simple-2.2.4.tgz",
      "integrity": "sha1-T8Tv+7AvJB+1CCvU+6s5jkrstk0=",
      "requires": {
        "debug": "^2.2.0"
      }
    }
  }
}
